{
	"requires": true,
	"lockfileVersion": 1,
	"dependencies": {
		"@types/jest": {
			"version": "23.1.2",
			"resolved": "https://registry.npmjs.org/@types/jest/-/jest-23.1.2.tgz",
			"integrity": "sha512-qXPAaH+1KJBCRtQub2cd7GOnKfWkgRr++luya81ksUs+DA8QG2nMNZuved5K4Nb4enR61aS64CocEJNsjCKwog=="
		},
		"lodash": {
			"version": "4.17.10",
			"resolved": "https://registry.npmjs.org/lodash/-/lodash-4.17.10.tgz",
			"integrity": "sha512-UejweD1pDoXu+AD825lWwp4ZGtSwgnpZxb3JDViD7StjQz+Nb/6l093lx4OQ0foGWNRoc19mWy7BzL+UAK2iVg=="
		}
	}
}
